
Microsoft Visual Studio Solution File, Format Version 11.00
# Visual Studio 2010
Project("{FAE04EC0-301F-11D3-BF4B-00C04F79EFBC}") = "Tobii-Module", "Assembly-CSharp.csproj", "{6B57139B-224A-86C6-B461-4BE9B9883EB6}"
EndProject
Project("{FAE04EC0-301F-11D3-BF4B-00C04F79EFBC}") = "Tobii-Module", "Assembly-CSharp-Editor.csproj", "{536094FB-637D-73CF-4A8E-7792540E5826}"
EndProject
Global
	GlobalSection(SolutionConfigurationPlatforms) = preSolution
		Debug|Any CPU = Debug|Any CPU
		Release|Any CPU = Release|Any CPU
	EndGlobalSection
	GlobalSection(ProjectConfigurationPlatforms) = postSolution
		{6B57139B-224A-86C6-B461-4BE9B9883EB6}.Debug|Any CPU.ActiveCfg = Debug|Any CPU
		{6B57139B-224A-86C6-B461-4BE9B9883EB6}.Debug|Any CPU.Build.0 = Debug|Any CPU
		{6B57139B-224A-86C6-B461-4BE9B9883EB6}.Release|Any CPU.ActiveCfg = Release|Any CPU
		{6B57139B-224A-86C6-B461-4BE9B9883EB6}.Release|Any CPU.Build.0 = Release|Any CPU
		{536094FB-637D-73CF-4A8E-7792540E5826}.Debug|Any CPU.ActiveCfg = Debug|Any CPU
		{536094FB-637D-73CF-4A8E-7792540E5826}.Debug|Any CPU.Build.0 = Debug|Any CPU
		{536094FB-637D-73CF-4A8E-7792540E5826}.Release|Any CPU.ActiveCfg = Release|Any CPU
		{536094FB-637D-73CF-4A8E-7792540E5826}.Release|Any CPU.Build.0 = Release|Any CPU
	EndGlobalSection
	GlobalSection(SolutionProperties) = preSolution
		HideSolutionNode = FALSE
	EndGlobalSection
	GlobalSection(MonoDevelopProperties) = preSolution
		StartupItem = Assembly-CSharp.csproj
	EndGlobalSection
EndGlobal
