
Microsoft Visual Studio Solution File, Format Version 11.00
# Visual Studio 2010
Project("{FAE04EC0-301F-11D3-BF4B-00C04F79EFBC}") = "Tobii-Module-master", "Assembly-CSharp.csproj", "{353F8496-789E-3C00-6F55-440061C0DDDA}"
EndProject
Project("{FAE04EC0-301F-11D3-BF4B-00C04F79EFBC}") = "Tobii-Module-master", "Assembly-CSharp-Editor.csproj", "{DEB8396B-1929-E272-3738-BCEE0BA74341}"
EndProject
Global
	GlobalSection(SolutionConfigurationPlatforms) = preSolution
		Debug|Any CPU = Debug|Any CPU
		Release|Any CPU = Release|Any CPU
	EndGlobalSection
	GlobalSection(ProjectConfigurationPlatforms) = postSolution
		{353F8496-789E-3C00-6F55-440061C0DDDA}.Debug|Any CPU.ActiveCfg = Debug|Any CPU
		{353F8496-789E-3C00-6F55-440061C0DDDA}.Debug|Any CPU.Build.0 = Debug|Any CPU
		{353F8496-789E-3C00-6F55-440061C0DDDA}.Release|Any CPU.ActiveCfg = Release|Any CPU
		{353F8496-789E-3C00-6F55-440061C0DDDA}.Release|Any CPU.Build.0 = Release|Any CPU
		{DEB8396B-1929-E272-3738-BCEE0BA74341}.Debug|Any CPU.ActiveCfg = Debug|Any CPU
		{DEB8396B-1929-E272-3738-BCEE0BA74341}.Debug|Any CPU.Build.0 = Debug|Any CPU
		{DEB8396B-1929-E272-3738-BCEE0BA74341}.Release|Any CPU.ActiveCfg = Release|Any CPU
		{DEB8396B-1929-E272-3738-BCEE0BA74341}.Release|Any CPU.Build.0 = Release|Any CPU
	EndGlobalSection
	GlobalSection(SolutionProperties) = preSolution
		HideSolutionNode = FALSE
	EndGlobalSection
	GlobalSection(MonoDevelopProperties) = preSolution
		StartupItem = Assembly-CSharp.csproj
	EndGlobalSection
EndGlobal
